// !$*UTF8*$!
{
	archiveVersion = 1;
	classes = {
	};
	objectVersion = 46;
	objects = {

/* Begin PBXBuildFile section */
		103DE0241C95E3440003FC67 /* BlueSteel.framework in Frameworks */ = {isa = PBXBuildFile; fileRef = 103DE0231C95E3440003FC67 /* BlueSteel.framework */; };
		103DE0251C95E3440003FC67 /* BlueSteel.framework in Embed Frameworks */ = {isa = PBXBuildFile; fileRef = 103DE0231C95E3440003FC67 /* BlueSteel.framework */; settings = {ATTRIBUTES = (CodeSignOnCopy, RemoveHeadersOnCopy, ); }; };
		107990541C98B0D500D2BA15 /* DemoEvent.avsc in Resources */ = {isa = PBXBuildFile; fileRef = 107990531C98B0D500D2BA15 /* DemoEvent.avsc */; };
		107FF7661C95DFD200076572 /* AppDelegate.swift in Sources */ = {isa = PBXBuildFile; fileRef = 107FF7651C95DFD200076572 /* AppDelegate.swift */; };
		107FF7681C95DFD200076572 /* ViewController.swift in Sources */ = {isa = PBXBuildFile; fileRef = 107FF7671C95DFD200076572 /* ViewController.swift */; };
		107FF76B1C95DFD200076572 /* Main.storyboard in Resources */ = {isa = PBXBuildFile; fileRef = 107FF7691C95DFD200076572 /* Main.storyboard */; };
		107FF76D1C95DFD200076572 /* Assets.xcassets in Resources */ = {isa = PBXBuildFile; fileRef = 107FF76C1C95DFD200076572 /* Assets.xcassets */; };
		107FF7701C95DFD300076572 /* LaunchScreen.storyboard in Resources */ = {isa = PBXBuildFile; fileRef = 107FF76E1C95DFD300076572 /* LaunchScreen.storyboard */; };
		10D3CA421C95E6730065C9F9 /* SwiftyJSON.framework in Frameworks */ = {isa = PBXBuildFile; fileRef = 10D3CA411C95E6730065C9F9 /* SwiftyJSON.framework */; };
		10D3CA431C95E6730065C9F9 /* SwiftyJSON.framework in Embed Frameworks */ = {isa = PBXBuildFile; fileRef = 10D3CA411C95E6730065C9F9 /* SwiftyJSON.framework */; settings = {ATTRIBUTES = (CodeSignOnCopy, RemoveHeadersOnCopy, ); }; };
		10D3CA451C95ECC80065C9F9 /* UIEvent.avsc in Resources */ = {isa = PBXBuildFile; fileRef = 10D3CA441C95ECC80065C9F9 /* UIEvent.avsc */; };
/* End PBXBuildFile section */

/* Begin PBXCopyFilesBuildPhase section */
		103DE0261C95E3440003FC67 /* Embed Frameworks */ = {
			isa = PBXCopyFilesBuildPhase;
			buildActionMask = 2147483647;
			dstPath = "";
			dstSubfolderSpec = 10;
			files = (
				10D3CA431C95E6730065C9F9 /* SwiftyJSON.framework in Embed Frameworks */,
				103DE0251C95E3440003FC67 /* BlueSteel.framework in Embed Frameworks */,
			);
			name = "Embed Frameworks";
			runOnlyForDeploymentPostprocessing = 0;
		};
/* End PBXCopyFilesBuildPhase section */

/* Begin PBXFileReference section */
		103DE0231C95E3440003FC67 /* BlueSteel.framework */ = {isa = PBXFileReference; lastKnownFileType = wrapper.framework; name = BlueSteel.framework; path = Carthage/Build/iOS/BlueSteel.framework; sourceTree = "<group>"; };
		107990531C98B0D500D2BA15 /* DemoEvent.avsc */ = {isa = PBXFileReference; fileEncoding = 4; lastKnownFileType = text; path = DemoEvent.avsc; sourceTree = "<group>"; };
		107FF7621C95DFD200076572 /* BlueSteelProto.app */ = {isa = PBXFileReference; explicitFileType = wrapper.application; includeInIndex = 0; path = BlueSteelProto.app; sourceTree = BUILT_PRODUCTS_DIR; };
		107FF7651C95DFD200076572 /* AppDelegate.swift */ = {isa = PBXFileReference; lastKnownFileType = sourcecode.swift; path = AppDelegate.swift; sourceTree = "<group>"; };
		107FF7671C95DFD200076572 /* ViewController.swift */ = {isa = PBXFileReference; lastKnownFileType = sourcecode.swift; path = ViewController.swift; sourceTree = "<group>"; };
		107FF76A1C95DFD200076572 /* Base */ = {isa = PBXFileReference; lastKnownFileType = file.storyboard; name = Base; path = Base.lproj/Main.storyboard; sourceTree = "<group>"; };
		107FF76C1C95DFD200076572 /* Assets.xcassets */ = {isa = PBXFileReference; lastKnownFileType = folder.assetcatalog; path = Assets.xcassets; sourceTree = "<group>"; };
		107FF76F1C95DFD300076572 /* Base */ = {isa = PBXFileReference; lastKnownFileType = file.storyboard; name = Base; path = Base.lproj/LaunchScreen.storyboard; sourceTree = "<group>"; };
		107FF7711C95DFD300076572 /* Info.plist */ = {isa = PBXFileReference; lastKnownFileType = text.plist.xml; path = Info.plist; sourceTree = "<group>"; };
		10D3CA411C95E6730065C9F9 /* SwiftyJSON.framework */ = {isa = PBXFileReference; lastKnownFileType = wrapper.framework; name = SwiftyJSON.framework; path = Carthage/Build/iOS/SwiftyJSON.framework; sourceTree = "<group>"; };
		10D3CA441C95ECC80065C9F9 /* UIEvent.avsc */ = {isa = PBXFileReference; fileEncoding = 4; lastKnownFileType = text; path = UIEvent.avsc; sourceTree = "<group>"; };
/* End PBXFileReference section */

/* Begin PBXFrameworksBuildPhase section */
		107FF75F1C95DFD200076572 /* Frameworks */ = {
			isa = PBXFrameworksBuildPhase;
			buildActionMask = 2147483647;
			files = (
				10D3CA421C95E6730065C9F9 /* SwiftyJSON.framework in Frameworks */,
				103DE0241C95E3440003FC67 /* BlueSteel.framework in Frameworks */,
			);
			runOnlyForDeploymentPostprocessing = 0;
		};
/* End PBXFrameworksBuildPhase section */

/* Begin PBXGroup section */
		107FF7591C95DFD200076572 = {
			isa = PBXGroup;
			children = (
				10D3CA411C95E6730065C9F9 /* SwiftyJSON.framework */,
				103DE0231C95E3440003FC67 /* BlueSteel.framework */,
				107FF7641C95DFD200076572 /* BlueSteelProto */,
				107FF7631C95DFD200076572 /* Products */,
			);
			sourceTree = "<group>";
		};
		107FF7631C95DFD200076572 /* Products */ = {
			isa = PBXGroup;
			children = (
				107FF7621C95DFD200076572 /* BlueSteelProto.app */,
			);
			name = Products;
			sourceTree = "<group>";
		};
		107FF7641C95DFD200076572 /* BlueSteelProto */ = {
			isa = PBXGroup;
			children = (
				107990531C98B0D500D2BA15 /* DemoEvent.avsc */,
				10D3CA441C95ECC80065C9F9 /* UIEvent.avsc */,
				107FF7651C95DFD200076572 /* AppDelegate.swift */,
				107FF7671C95DFD200076572 /* ViewController.swift */,
				107FF7691C95DFD200076572 /* Main.storyboard */,
				107FF76C1C95DFD200076572 /* Assets.xcassets */,
				107FF76E1C95DFD300076572 /* LaunchScreen.storyboard */,
				107FF7711C95DFD300076572 /* Info.plist */,
			);
			path = BlueSteelProto;
			sourceTree = "<group>";
		};
/* End PBXGroup section */

/* Begin PBXNativeTarget section */
		107FF7611C95DFD200076572 /* BlueSteelProto */ = {
			isa = PBXNativeTarget;
			buildConfigurationList = 107FF7741C95DFD300076572 /* Build configuration list for PBXNativeTarget "BlueSteelProto" */;
			buildPhases = (
				107FF75E1C95DFD200076572 /* Sources */,
				107FF75F1C95DFD200076572 /* Frameworks */,
				107FF7601C95DFD200076572 /* Resources */,
				103DE0261C95E3440003FC67 /* Embed Frameworks */,
				103DE0271C95E4510003FC67 /* ShellScript */,
			);
			buildRules = (
			);
			dependencies = (
			);
			name = BlueSteelProto;
			productName = BlueSteelProto;
			productReference = 107FF7621C95DFD200076572 /* BlueSteelProto.app */;
			productType = "com.apple.product-type.application";
		};
/* End PBXNativeTarget section */

/* Begin PBXProject section */
		107FF75A1C95DFD200076572 /* Project object */ = {
			isa = PBXProject;
			attributes = {
				LastSwiftUpdateCheck = 0720;
				LastUpgradeCheck = 0720;
				ORGANIZATIONNAME = "Smoosh Studio, LLC";
				TargetAttributes = {
					107FF7611C95DFD200076572 = {
						CreatedOnToolsVersion = 7.2;
						DevelopmentTeam = KCJG56ER48;
					};
				};
			};
			buildConfigurationList = 107FF75D1C95DFD200076572 /* Build configuration list for PBXProject "BlueSteelProto" */;
			compatibilityVersion = "Xcode 3.2";
			developmentRegion = English;
			hasScannedForEncodings = 0;
			knownRegions = (
				en,
				Base,
			);
			mainGroup = 107FF7591C95DFD200076572;
			productRefGroup = 107FF7631C95DFD200076572 /* Products */;
			projectDirPath = "";
			projectRoot = "";
			targets = (
				107FF7611C95DFD200076572 /* BlueSteelProto */,
			);
		};
/* End PBXProject section */

/* Begin PBXResourcesBuildPhase section */
		107FF7601C95DFD200076572 /* Resources */ = {
			isa = PBXResourcesBuildPhase;
			buildActionMask = 2147483647;
			files = (
				107FF7701C95DFD300076572 /* LaunchScreen.storyboard in Resources */,
				107FF76D1C95DFD200076572 /* Assets.xcassets in Resources */,
				107FF76B1C95DFD200076572 /* Main.storyboard in Resources */,
				10D3CA451C95ECC80065C9F9 /* UIEvent.avsc in Resources */,
				107990541C98B0D500D2BA15 /* DemoEvent.avsc in Resources */,
			);
			runOnlyForDeploymentPostprocessing = 0;
		};
/* End PBXResourcesBuildPhase section */

/* Begin PBXShellScriptBuildPhase section */
		103DE0271C95E4510003FC67 /* ShellScript */ = {
			isa = PBXShellScriptBuildPhase;
			buildActionMask = 2147483647;
			files = (
			);
			inputPaths = (
			);
			outputPaths = (
			);
			runOnlyForDeploymentPostprocessing = 0;
			shellPath = /bin/sh;
			shellScript = "\"$PROJECT_DIR\"/Carthage/Checkouts/BlueSteel/BuildControl/bin/stripCarthageFrameworks.sh -p iOS\n";
		};
/* End PBXShellScriptBuildPhase section */

/* Begin PBXSourcesBuildPhase section */
		107FF75E1C95DFD200076572 /* Sources */ = {
			isa = PBXSourcesBuildPhase;
			buildActionMask = 2147483647;
			files = (
				107FF7681C95DFD200076572 /* ViewController.swift in Sources */,
				107FF7661C95DFD200076572 /* AppDelegate.swift in Sources */,
			);
			runOnlyForDeploymentPostprocessing = 0;
		};
/* End PBXSourcesBuildPhase section */

/* Begin PBXVariantGroup section */
		107FF7691C95DFD200076572 /* Main.storyboard */ = {
			isa = PBXVariantGroup;
			children = (
				107FF76A1C95DFD200076572 /* Base */,
			);
			name = Main.storyboard;
			sourceTree = "<group>";
		};
		107FF76E1C95DFD300076572 /* LaunchScreen.storyboard */ = {
			isa = PBXVariantGroup;
			children = (
				107FF76F1C95DFD300076572 /* Base */,
			);
			name = LaunchScreen.storyboard;
			sourceTree = "<group>";
		};
/* End PBXVariantGroup section */

/* Begin XCBuildConfiguration section */
		107FF7721C95DFD300076572 /* Debug */ = {
			isa = XCBuildConfiguration;
			buildSettings = {
				ALWAYS_SEARCH_USER_PATHS = NO;
				CLANG_CXX_LANGUAGE_STANDARD = "gnu++0x";
				CLANG_CXX_LIBRARY = "libc++";
				CLANG_ENABLE_MODULES = YES;
				CLANG_ENABLE_OBJC_ARC = YES;
				CLANG_WARN_BOOL_CONVERSION = YES;
				CLANG_WARN_CONSTANT_CONVERSION = YES;
				CLANG_WARN_DIRECT_OBJC_ISA_USAGE = YES_ERROR;
				CLANG_WARN_EMPTY_BODY = YES;
				CLANG_WARN_ENUM_CONVERSION = YES;
				CLANG_WARN_INT_CONVERSION = YES;
				CLANG_WARN_OBJC_ROOT_CLASS = YES_ERROR;
				CLANG_WARN_UNREACHABLE_CODE = YES;
				CLANG_WARN__DUPLICATE_METHOD_MATCH = YES;
				"CODE_SIGN_IDENTITY[sdk=iphoneos*]" = "iPhone Developer";
				COPY_PHASE_STRIP = NO;
				DEBUG_INFORMATION_FORMAT = dwarf;
				ENABLE_STRICT_OBJC_MSGSEND = YES;
				ENABLE_TESTABILITY = YES;
				GCC_C_LANGUAGE_STANDARD = gnu99;
				GCC_DYNAMIC_NO_PIC = NO;
				GCC_NO_COMMON_BLOCKS = YES;
				GCC_OPTIMIZATION_LEVEL = 0;
				GCC_PREPROCESSOR_DEFINITIONS = (
					"DEBUG=1",
					"$(inherited)",
				);
				GCC_WARN_64_TO_32_BIT_CONVERSION = YES;
				GCC_WARN_ABOUT_RETURN_TYPE = YES_ERROR;
				GCC_WARN_UNDECLARED_SELECTOR = YES;
				GCC_WARN_UNINITIALIZED_AUTOS = YES_AGGRESSIVE;
				GCC_WARN_UNUSED_FUNCTION = YES;
				GCC_WARN_UNUSED_VARIABLE = YES;
				IPHONEOS_DEPLOYMENT_TARGET = 9.2;
				MTL_ENABLE_DEBUG_INFO = YES;
				ONLY_ACTIVE_ARCH = YES;
				SDKROOT = iphoneos;
				SWIFT_OPTIMIZATION_LEVEL = "-Onone";
				TARGETED_DEVICE_FAMILY = "1,2";
			};
			name = Debug;
		};
		107FF7731C95DFD300076572 /* Release */ = {
			isa = XCBuildConfiguration;
			buildSettings = {
				ALWAYS_SEARCH_USER_PATHS = NO;
				CLANG_CXX_LANGUAGE_STANDARD = "gnu++0x";
				CLANG_CXX_LIBRARY = "libc++";
				CLANG_ENABLE_MODULES = YES;
				CLANG_ENABLE_OBJC_ARC = YES;
				CLANG_WARN_BOOL_CONVERSION = YES;
				CLANG_WARN_CONSTANT_CONVERSION = YES;
				CLANG_WARN_DIRECT_OBJC_ISA_USAGE = YES_ERROR;
				CLANG_WARN_EMPTY_BODY = YES;
				CLANG_WARN_ENUM_CONVERSION = YES;
				CLANG_WARN_INT_CONVERSION = YES;
				CLANG_WARN_OBJC_ROOT_CLASS = YES_ERROR;
				CLANG_WARN_UNREACHABLE_CODE = YES;
				CLANG_WARN__DUPLICATE_METHOD_MATCH = YES;
				"CODE_SIGN_IDENTITY[sdk=iphoneos*]" = "iPhone Developer";
				COPY_PHASE_STRIP = NO;
				DEBUG_INFORMATION_FORMAT = "dwarf-with-dsym";
				ENABLE_NS_ASSERTIONS = NO;
				ENABLE_STRICT_OBJC_MSGSEND = YES;
				GCC_C_LANGUAGE_STANDARD = gnu99;
				GCC_NO_COMMON_BLOCKS = YES;
				GCC_WARN_64_TO_32_BIT_CONVERSION = YES;
				GCC_WARN_ABOUT_RETURN_TYPE = YES_ERROR;
				GCC_WARN_UNDECLARED_SELECTOR = YES;
				GCC_WARN_UNINITIALIZED_AUTOS = YES_AGGRESSIVE;
				GCC_WARN_UNUSED_FUNCTION = YES;
				GCC_WARN_UNUSED_VARIABLE = YES;
				IPHONEOS_DEPLOYMENT_TARGET = 9.2;
				MTL_ENABLE_DEBUG_INFO = NO;
				SDKROOT = iphoneos;
				TARGETED_DEVICE_FAMILY = "1,2";
				VALIDATE_PRODUCT = YES;
			};
			name = Release;
		};
		107FF7751C95DFD300076572 /* Debug */ = {
			isa = XCBuildConfiguration;
			buildSettings = {
				ASSETCATALOG_COMPILER_APPICON_NAME = AppIcon;
				FRAMEWORK_SEARCH_PATHS = (
					"$(inherited)",
					"$(PROJECT_DIR)/Carthage/Build/iOS",
				);
				INFOPLIST_FILE = BlueSteelProto/Info.plist;
				LD_RUNPATH_SEARCH_PATHS = "$(inherited) @executable_path/Frameworks";
				PRODUCT_BUNDLE_IDENTIFIER = com.smooshstudio.BlueSteelProto;
				PRODUCT_NAME = "$(TARGET_NAME)";
			};
			name = Debug;
		};
		107FF7761C95DFD300076572 /* Release */ = {
			isa = XCBuildConfiguration;
			buildSettings = {
				ASSETCATALOG_COMPILER_APPICON_NAME = AppIcon;
				FRAMEWORK_SEARCH_PATHS = (
					"$(inherited)",
					"$(PROJECT_DIR)/Carthage/Build/iOS",
				);
				INFOPLIST_FILE = BlueSteelProto/Info.plist;
				LD_RUNPATH_SEARCH_PATHS = "$(inherited) @executable_path/Frameworks";
				PRODUCT_BUNDLE_IDENTIFIER = com.smooshstudio.BlueSteelProto;
				PRODUCT_NAME = "$(TARGET_NAME)";
			};
			name = Release;
		};
/* End XCBuildConfiguration section */

/* Begin XCConfigurationList section */
		107FF75D1C95DFD200076572 /* Build configuration list for PBXProject "BlueSteelProto" */ = {
			isa = XCConfigurationList;
			buildConfigurations = (
				107FF7721C95DFD300076572 /* Debug */,
				107FF7731C95DFD300076572 /* Release */,
			);
			defaultConfigurationIsVisible = 0;
			defaultConfigurationName = Release;
		};
		107FF7741C95DFD300076572 /* Build configuration list for PBXNativeTarget "BlueSteelProto" */ = {
			isa = XCConfigurationList;
			buildConfigurations = (
				107FF7751C95DFD300076572 /* Debug */,
				107FF7761C95DFD300076572 /* Release */,
			);
			defaultConfigurationIsVisible = 0;
			defaultConfigurationName = Release;
		};
/* End XCConfigurationList section */
	};
	rootObject = 107FF75A1C95DFD200076572 /* Project object */;
}
